{
    "name": "@ethereum-alarm-clock/contracts",
    "version": "1.0.0-rc.2",
    "lockfileVersion": 1,
    "requires": true,
    "dependencies": {
        "@digix/tempo": {
            "version": "0.2.0",
            "resolved": "https://registry.npmjs.org/@digix/tempo/-/tempo-0.2.0.tgz",
            "integrity": "sha1-Xa+RrXiNa1lqGarSLi5mfk7ICKg=",
            "dev": true
        },
        "@optionality.io/clone-factory": {
            "version": "0.1.6",
            "resolved": "https://registry.npmjs.org/@optionality.io/clone-factory/-/clone-factory-0.1.6.tgz",
            "integrity": "sha512-GLWBoscHmwzvnguYuuI4q58QgAk0NzJC7MXHnX6HDbj3UOKCWldO3fRj3iZaW4nLLwQrQdZLmNcwp6pjg/qbsQ=="
        },
        "@types/bn.js": {
            "version": "4.11.6",
            "resolved": "https://registry.npmjs.org/@types/bn.js/-/bn.js-4.11.6.tgz",
            "integrity": "sha512-pqr857jrp2kPuO9uRjZ3PwnJTjoQy+fcdxvBTvHm6dkmEL9q+hDD/2j/0ELOBPtPnS8LjCX0gI9nbl8lVkadpg==",
            "dev": true,
            "requires": {
                "@types/node": "*"
            }
        },
        "@types/node": {
            "version": "13.13.4",
            "resolved": "https://registry.npmjs.org/@types/node/-/node-13.13.4.tgz",
            "integrity": "sha512-x26ur3dSXgv5AwKS0lNfbjpCakGIduWU1DU91Zz58ONRWrIKGunmZBNv4P7N+e27sJkiGDsw/3fT4AtsqQBrBA==",
            "dev": true
        },
        "ansi-regex": {
            "version": "2.1.1",
            "resolved": "https://registry.npmjs.org/ansi-regex/-/ansi-regex-2.1.1.tgz",
            "integrity": "sha1-w7M6te42DYbg5ijwRorn7yfWVN8=",
            "dev": true
        },
        "bignumber.js": {
            "version": "4.1.0",
            "resolved": "https://registry.npmjs.org/bignumber.js/-/bignumber.js-4.1.0.tgz",
            "integrity": "sha512-eJzYkFYy9L4JzXsbymsFn3p54D+llV27oTQ+ziJG7WFRheJcNZilgVXMG0LoZtlQSKBsJdWtLFqOD0u+U0jZKA==",
            "dev": true
        },
        "bn.js": {
            "version": "4.11.8",
            "resolved": "https://registry.npmjs.org/bn.js/-/bn.js-4.11.8.tgz",
            "integrity": "sha512-ItfYfPLkWHUjckQCk8xC+LwxgK8NYcXywGigJgSwOP8Y2iyWT4f2vsZnoOXTTbo+o5yXmIUJ4gn5538SO5S3gA==",
            "dev": true
        },
        "brorand": {
            "version": "1.1.0",
            "resolved": "https://registry.npmjs.org/brorand/-/brorand-1.1.0.tgz",
            "integrity": "sha1-EsJe/kCkXjwyPrhnWgoM5XsiNx8=",
            "dev": true
        },
        "chai": {
            "version": "4.1.2",
            "resolved": "https://registry.npmjs.org/chai/-/chai-4.1.2.tgz",
            "integrity": "sha1-D2RYS6ZC8PKs4oBiefTwbKI61zw=",
            "dev": true
        },
        "chai-as-promised": {
            "version": "7.1.1",
            "resolved": "https://registry.npmjs.org/chai-as-promised/-/chai-as-promised-7.1.1.tgz",
            "integrity": "sha512-azL6xMoi+uxu6z4rhWQ1jbdUhOMhis2PvscD/xjLqNMkv3BPPp2JyyuTHOrf9BOosGpNQ11v6BKv/g57RXbiaA==",
            "dev": true
        },
        "cliui": {
            "version": "3.2.0",
            "resolved": "https://registry.npmjs.org/cliui/-/cliui-3.2.0.tgz",
            "integrity": "sha1-EgYBU3qRbSmUD5NNo7SNWFo5IT0=",
            "dev": true,
            "dependencies": {
                "is-fullwidth-code-point": {
                    "version": "1.0.0",
                    "resolved": "https://registry.npmjs.org/is-fullwidth-code-point/-/is-fullwidth-code-point-1.0.0.tgz",
                    "integrity": "sha1-754xOG8DGn8NZDr4L95QxFfvAMs="
                },
                "string-width": {
                    "version": "1.0.2",
                    "resolved": "https://registry.npmjs.org/string-width/-/string-width-1.0.2.tgz",
                    "integrity": "sha1-EYvfW4zcUaKn5w0hHgfisLmxB9M="
                },
                "strip-ansi": {
                    "version": "3.0.1",
                    "resolved": "https://registry.npmjs.org/strip-ansi/-/strip-ansi-3.0.1.tgz",
                    "integrity": "sha1-ajhfuIU9lS1f8F0Oiq+UJ43GPc8="
                }
            }
        },
        "code-point-at": {
            "version": "1.1.0",
            "resolved": "https://registry.npmjs.org/code-point-at/-/code-point-at-1.1.0.tgz",
            "integrity": "sha1-DQcLTQQ6W+ozovGkDi7bPZpMz3c=",
            "dev": true
        },
        "coveralls": {
            "version": "3.0.2",
            "resolved": "https://registry.npmjs.org/coveralls/-/coveralls-3.0.2.tgz",
            "integrity": "sha512-Tv0LKe/MkBOilH2v7WBiTBdudg2ChfGbdXafc/s330djpF3zKOmuehTeRwjXWc7pzfj9FrDUTA7tEx6Div8NFw==",
            "dev": true
        },
        "create-hash": {
            "version": "1.2.0",
            "resolved": "https://registry.npmjs.org/create-hash/-/create-hash-1.2.0.tgz",
            "integrity": "sha512-z00bCGNHDG8mHAkP7CtT1qVu+bFQUPjYq/4Iv3C3kWjTFV10zIjfSoeqXo9Asws8gwSHDGj/hl2u4OGIjapeCg==",
            "dev": true
        },
        "crypto-js": {
            "version": "3.1.9-1",
            "resolved": "https://registry.npmjs.org/crypto-js/-/crypto-js-3.1.9-1.tgz",
            "integrity": "sha1-/aGedh/Ad+Af+/3G6f38WeiAbNg=",
            "dev": true
        },
        "death": {
            "version": "1.1.0",
            "resolved": "https://registry.npmjs.org/death/-/death-1.1.0.tgz",
            "integrity": "sha1-AaqcQB7dknUFFEcLgmY5DGbGcxg=",
            "dev": true
        },
        "decamelize": {
            "version": "1.2.0",
            "resolved": "https://registry.npmjs.org/decamelize/-/decamelize-1.2.0.tgz",
            "integrity": "sha1-9lNNFRSCabIDUue+4m9QH5oZEpA=",
            "dev": true
        },
        "eslint": {
            "version": "5.2.0",
            "resolved": "https://registry.npmjs.org/eslint/-/eslint-5.2.0.tgz",
            "integrity": "sha512-zlggW1qp7/TBjwLfouRoY7eWXrXwJZFqCdIxxh0/LVB/QuuKuIMkzyUZEcDo6LBadsry5JcEMxIqd3H/66CXVg==",
            "dev": true,
            "dependencies": {
                "ajv": {
                    "version": "6.5.3",
                    "resolved": "https://registry.npmjs.org/ajv/-/ajv-6.5.3.tgz",
                    "integrity": "sha512-LqZ9wY+fx3UMiiPd741yB2pj3hhil+hQc8taf4o2QGRFpWgZ2V5C8HA165DY9sS3fJwsk7uT7ZlFEyC3Ig3lLg=="
                },
                "fast-deep-equal": {
                    "version": "2.0.1",
                    "resolved": "https://registry.npmjs.org/fast-deep-equal/-/fast-deep-equal-2.0.1.tgz",
                    "integrity": "sha1-ewUhjd+WZ79/Nwv3/bLLFf3Qqkk="
                },
                "json-schema-traverse": {
                    "version": "0.4.1",
                    "resolved": "https://registry.npmjs.org/json-schema-traverse/-/json-schema-traverse-0.4.1.tgz",
                    "integrity": "sha512-xbbCH5dCYU5T8LcEhhuh7HJ88HXuW3qsI3Y0zOZFKfZEHcpWiHU/Jxzk629Brsab/mMiHQti9wMP+845RPe3Vg=="
                }
            }
        },
        "eslint-config-airbnb-base": {
            "version": "13.0.0",
            "resolved": "https://registry.npmjs.org/eslint-config-airbnb-base/-/eslint-config-airbnb-base-13.0.0.tgz",
            "integrity": "sha512-hUFXRlE6AY84z0qYh4wKdtSF4EqDnyT8sxrvTpcXCV4ENSLF8li5yNA1yDM26iinH8Ierbpc4lv8Rp62uX6VSQ==",
            "dev": true
        },
        "eslint-plugin-import": {
            "version": "2.13.0",
            "resolved": "https://registry.npmjs.org/eslint-plugin-import/-/eslint-plugin-import-2.13.0.tgz",
            "integrity": "sha512-t6hGKQDMIt9N8R7vLepsYXgDfeuhp6ZJSgtrLEDxonpSubyxUZHjhm6LsAaZX8q6GYVxkbT3kTsV9G5mBCFR6A==",
            "dev": true,
            "dependencies": {
                "debug": {
                    "version": "2.6.9",
                    "resolved": "https://registry.npmjs.org/debug/-/debug-2.6.9.tgz",
                    "integrity": "sha512-bC7ElrdJaJnPbAP+1EotYvqZsb3ecl5wi6Bfi6BJTUcNowp6cvspg0jXznRTKDjm/E7AdgFBVeAPVMNcKGsHMA=="
                },
                "doctrine": {
                    "version": "1.5.0",
                    "resolved": "https://registry.npmjs.org/doctrine/-/doctrine-1.5.0.tgz",
                    "integrity": "sha1-N53Ocw9hZvds76TmcHoVmwLFpvo="
                }
            }
        },
        "ethereumjs-abi": {
            "version": "0.6.5",
            "resolved": "https://registry.npmjs.org/ethereumjs-abi/-/ethereumjs-abi-0.6.5.tgz",
            "integrity": "sha1-WmN+8Wq0NHP6cqKa2QhxQFs/UkE=",
            "dev": true,
            "dependencies": {
                "ethereumjs-util": {
                    "version": "4.5.0",
                    "resolved": "https://registry.npmjs.org/ethereumjs-util/-/ethereumjs-util-4.5.0.tgz",
                    "integrity": "sha1-PpQosxfuvaPXJg2FT93alUsfG8Y="
                }
            }
        },
        "ethereumjs-testrpc-sc": {
            "version": "6.1.6",
            "resolved": "https://registry.npmjs.org/ethereumjs-testrpc-sc/-/ethereumjs-testrpc-sc-6.1.6.tgz",
            "integrity": "sha512-iv2qiGBFgk9mn5Nq2enX8dG5WQ7Lk+FCqpnxfPfH4Ns8KLPwttmNOy264nh3SXDJJvcQwz/XnlLteDQVILotbg==",
            "dev": true
        },
        "ethereumjs-util": {
            "version": "7.0.0",
            "resolved": "https://registry.npmjs.org/ethereumjs-util/-/ethereumjs-util-7.0.0.tgz",
            "integrity": "sha512-y4FqiypxmUVdmCqNPRdB2rvyP1pr8ZBO+RVlxGLF12OoTXVPvgJ3omT2AoYLGCXjgbYDwskbbbROklerm2FNcA==",
            "dev": true,
            "requires": {
                "@types/bn.js": "^4.11.3",
                "bn.js": "^5.1.1",
                "create-hash": "^1.1.2",
                "ethjs-util": "0.1.6",
                "keccak": "^3.0.0",
                "rlp": "^2.2.4",
                "secp256k1": "^4.0.1"
            },
            "dependencies": {
                "bn.js": {
                    "version": "5.1.1",
                    "resolved": "https://registry.npmjs.org/bn.js/-/bn.js-5.1.1.tgz",
                    "integrity": "sha512-IUTD/REb78Z2eodka1QZyyEk66pciRcP6Sroka0aI3tG/iwIdYLrBD62RsubR7vqdt3WyX8p4jxeatzmRSphtA==",
                    "dev": true
                },
                "elliptic": {
                    "version": "6.5.2",
                    "resolved": "https://registry.npmjs.org/elliptic/-/elliptic-6.5.2.tgz",
                    "integrity": "sha512-f4x70okzZbIQl/NSRLkI/+tteV/9WqL98zx+SQ69KbXxmVrmjwsNUPn/gYJJ0sHvEak24cZgHIPegRePAtA/xw==",
                    "dev": true,
                    "requires": {
                        "bn.js": "^4.4.0",
                        "brorand": "^1.0.1",
                        "hash.js": "^1.0.0",
                        "hmac-drbg": "^1.0.0",
                        "inherits": "^2.0.1",
                        "minimalistic-assert": "^1.0.0",
                        "minimalistic-crypto-utils": "^1.0.0"
                    },
                    "dependencies": {
                        "bn.js": {
                            "version": "4.11.8",
                            "resolved": "https://registry.npmjs.org/bn.js/-/bn.js-4.11.8.tgz",
                            "integrity": "sha512-ItfYfPLkWHUjckQCk8xC+LwxgK8NYcXywGigJgSwOP8Y2iyWT4f2vsZnoOXTTbo+o5yXmIUJ4gn5538SO5S3gA==",
                            "dev": true
                        }
                    }
                },
                "keccak": {
                    "version": "3.0.0",
                    "resolved": "https://registry.npmjs.org/keccak/-/keccak-3.0.0.tgz",
                    "integrity": "sha512-/4h4FIfFEpTEuySXi/nVFM5rqSKPnnhI7cL4K3MFSwoI3VyM7AhPSq3SsysARtnEBEeIKMBUWD8cTh9nHE8AkA==",
                    "dev": true,
                    "requires": {
                        "node-addon-api": "^2.0.0",
                        "node-gyp-build": "^4.2.0"
                    }
                },
                "rlp": {
                    "version": "2.2.4",
                    "resolved": "https://registry.npmjs.org/rlp/-/rlp-2.2.4.tgz",
                    "integrity": "sha512-fdq2yYCWpAQBhwkZv+Z8o/Z4sPmYm1CUq6P7n6lVTOdb949CnqA0sndXal5C1NleSVSZm6q5F3iEbauyVln/iw==",
                    "dev": true,
                    "requires": {
                        "bn.js": "^4.11.1"
                    },
                    "dependencies": {
                        "bn.js": {
                            "version": "4.11.8",
                            "resolved": "https://registry.npmjs.org/bn.js/-/bn.js-4.11.8.tgz",
                            "integrity": "sha512-ItfYfPLkWHUjckQCk8xC+LwxgK8NYcXywGigJgSwOP8Y2iyWT4f2vsZnoOXTTbo+o5yXmIUJ4gn5538SO5S3gA==",
                            "dev": true
                        }
                    }
                },
                "secp256k1": {
                    "version": "4.0.1",
                    "resolved": "https://registry.npmjs.org/secp256k1/-/secp256k1-4.0.1.tgz",
                    "integrity": "sha512-iGRjbGAKfXMqhtdkkuNxsgJQfJO8Oo78Rm7DAvsG3XKngq+nJIOGqrCSXcQqIVsmCj0wFanE5uTKFxV3T9j2wg==",
                    "dev": true,
                    "requires": {
                        "elliptic": "^6.5.2",
                        "node-addon-api": "^2.0.0",
                        "node-gyp-build": "^4.2.0"
                    }
                }
            }
        },
        "ethjs-util": {
            "version": "0.1.6",
            "resolved": "https://registry.npmjs.org/ethjs-util/-/ethjs-util-0.1.6.tgz",
            "integrity": "sha512-CUnVOQq7gSpDHZVVrQW8ExxUETWrnrvXYvYz55wOU8Uj4VCgw56XC2B/fVqQN+f7gmrnRHSLVnFAwsCuNwji8w==",
            "dev": true
        },
        "find-up": {
            "version": "1.1.2",
            "resolved": "https://registry.npmjs.org/find-up/-/find-up-1.1.2.tgz",
            "integrity": "sha1-ay6YIrGizgpgq2TWEOzK1TyyTQ8=",
            "dev": true
        },
        "fs-extra": {
            "version": "0.30.0",
            "resolved": "https://registry.npmjs.org/fs-extra/-/fs-extra-0.30.0.tgz",
            "integrity": "sha1-8jP/zAjU2n1DLapEl3aYnbHfk/A=",
            "dev": true
        },
        "get-caller-file": {
            "version": "1.0.3",
            "resolved": "https://registry.npmjs.org/get-caller-file/-/get-caller-file-1.0.3.tgz",
            "integrity": "sha512-3t6rVToeoZfYSGd8YoLFR2DJkiQrIiUrGcjvFX2mDw3bn6k2OtwHN0TNCLbBO+w8qTvimhDkv+LSscbJY1vE6w==",
            "dev": true
        },
        "graceful-fs": {
            "version": "4.1.11",
            "resolved": "https://registry.npmjs.org/graceful-fs/-/graceful-fs-4.1.11.tgz",
            "integrity": "sha1-Dovf5NHduIVNZOBOp8AOKgJuVlg=",
            "dev": true
        },
        "hash.js": {
            "version": "1.1.5",
            "resolved": "https://registry.npmjs.org/hash.js/-/hash.js-1.1.5.tgz",
            "integrity": "sha512-eWI5HG9Np+eHV1KQhisXWwM+4EPPYe5dFX1UZZH7k/E3JzDEazVH+VGlZi6R94ZqImq+A3D1mCEtrFIfg/E7sA==",
            "dev": true
        },
        "hmac-drbg": {
            "version": "1.0.1",
            "resolved": "https://registry.npmjs.org/hmac-drbg/-/hmac-drbg-1.0.1.tgz",
            "integrity": "sha1-0nRXAQJabHdabFRXk+1QL8DGSaE=",
            "dev": true
        },
        "inherits": {
            "version": "2.0.3",
            "resolved": "https://registry.npmjs.org/inherits/-/inherits-2.0.3.tgz",
            "integrity": "sha1-Yzwsg+PaQqUC9SRmAiSA9CCCYd4=",
            "dev": true
        },
        "is-utf8": {
            "version": "0.2.1",
            "resolved": "https://registry.npmjs.org/is-utf8/-/is-utf8-0.2.1.tgz",
            "integrity": "sha1-Sw2hRCEE0bM2NA6AeX6GXPOffXI=",
            "dev": true
        },
        "istanbul": {
            "version": "0.4.5",
            "resolved": "https://registry.npmjs.org/istanbul/-/istanbul-0.4.5.tgz",
            "integrity": "sha1-ZcfXPUxNqE1POsMQuRj7C4Azczs=",
            "dev": true,
            "dependencies": {
                "esprima": {
                    "version": "2.7.3",
                    "resolved": "https://registry.npmjs.org/esprima/-/esprima-2.7.3.tgz",
                    "integrity": "sha1-luO3DVd59q1JzQMmc9HDEnZ7pYE="
                },
                "glob": {
                    "version": "5.0.15",
                    "resolved": "https://registry.npmjs.org/glob/-/glob-5.0.15.tgz",
                    "integrity": "sha1-G8k2ueAvSmA/zCIuz3Yz0wuLk7E="
                },
                "has-flag": {
                    "version": "1.0.0",
                    "resolved": "https://registry.npmjs.org/has-flag/-/has-flag-1.0.0.tgz",
                    "integrity": "sha1-nZ55MWXOAXoA8AQYxD+UKnsdEfo="
                },
                "resolve": {
                    "version": "1.1.7",
                    "resolved": "https://registry.npmjs.org/resolve/-/resolve-1.1.7.tgz",
                    "integrity": "sha1-IDEU2CrSxe2ejgQRs5ModeiJ6Xs="
                },
                "supports-color": {
                    "version": "3.2.3",
                    "resolved": "https://registry.npmjs.org/supports-color/-/supports-color-3.2.3.tgz",
                    "integrity": "sha1-ZawFBLOVQXHYpklGsq48u4pfVPY="
                }
            }
        },
        "keccakjs": {
            "version": "0.2.1",
            "resolved": "https://registry.npmjs.org/keccakjs/-/keccakjs-0.2.1.tgz",
            "integrity": "sha1-HWM6+QfvMFu/ny+mFtVsRFYd+k0=",
            "dev": true
        },
        "lodash.assign": {
            "version": "4.2.0",
            "resolved": "https://registry.npmjs.org/lodash.assign/-/lodash.assign-4.2.0.tgz",
            "integrity": "sha1-DZnzzNem0mHRm9rrkkUAXShYCOc=",
            "dev": true
        },
        "memorystream": {
            "version": "0.3.1",
            "resolved": "https://registry.npmjs.org/memorystream/-/memorystream-0.3.1.tgz",
            "integrity": "sha1-htcJCzDORV1j+64S3aUaR93K+bI=",
            "dev": true
        },
        "minimalistic-assert": {
            "version": "1.0.1",
            "resolved": "https://registry.npmjs.org/minimalistic-assert/-/minimalistic-assert-1.0.1.tgz",
            "integrity": "sha512-UtJcAD4yEaGtjPezWuO9wC4nwUnVH/8/Im3yEHQP4b67cXlD/Qr9hdITCU1xDbSEXg2XKNaP8jsReV7vQd00/A==",
            "dev": true
        },
        "minimalistic-crypto-utils": {
            "version": "1.0.1",
            "resolved": "https://registry.npmjs.org/minimalistic-crypto-utils/-/minimalistic-crypto-utils-1.0.1.tgz",
            "integrity": "sha1-9sAMHAsIIkblxNmd+4x8CDsrWCo=",
            "dev": true
        },
        "nconf": {
            "version": "0.8.5",
            "resolved": "https://registry.npmjs.org/nconf/-/nconf-0.8.5.tgz",
            "integrity": "sha1-8pQeFWGVL6kGu7MjKM+I1MY155Q="
        },
        "node-addon-api": {
            "version": "2.0.0",
            "resolved": "https://registry.npmjs.org/node-addon-api/-/node-addon-api-2.0.0.tgz",
            "integrity": "sha512-ASCL5U13as7HhOExbT6OlWJJUV/lLzL2voOSP1UVehpRD8FbSrSDjfScK/KwAvVTI5AS6r4VwbOMlIqtvRidnA==",
            "dev": true
        },
        "node-gyp-build": {
            "version": "4.2.2",
            "resolved": "https://registry.npmjs.org/node-gyp-build/-/node-gyp-build-4.2.2.tgz",
            "integrity": "sha512-Lqh7mrByWCM8Cf9UPqpeoVBBo5Ugx+RKu885GAzmLBVYjeywScxHXPGLa4JfYNZmcNGwzR0Glu5/9GaQZMFqyA==",
            "dev": true
        },
        "normalize-package-data": {
            "version": "2.4.0",
            "resolved": "https://registry.npmjs.org/normalize-package-data/-/normalize-package-data-2.4.0.tgz",
            "integrity": "sha512-9jjUFbTPfEy3R/ad/2oNbKtW9Hgovl5O1FvFWKkKblNXoN/Oou6+9+KKohPK13Yc3/TyunyWhJp6gvRNR/PPAw==",
            "dev": true
        },
        "number-is-nan": {
            "version": "1.0.1",
            "resolved": "https://registry.npmjs.org/number-is-nan/-/number-is-nan-1.0.1.tgz",
            "integrity": "sha1-CXtgK1NCKlIsGvuHkDGDNpQaAR0=",
            "dev": true
        },
        "openzeppelin-solidity": {
            "version": "1.12.0",
            "resolved": "https://registry.npmjs.org/openzeppelin-solidity/-/openzeppelin-solidity-1.12.0.tgz",
            "integrity": "sha512-WlorzMXIIurugiSdw121RVD5qA3EfSI7GybTn+/Du0mPNgairjt29NpVTAaH8eLjAeAwlw46y7uQKy0NYem/gA=="
        },
        "os-locale": {
            "version": "1.4.0",
            "resolved": "https://registry.npmjs.org/os-locale/-/os-locale-1.4.0.tgz",
            "integrity": "sha1-IPnxeuKe00XoveWDsT0gCYA8FNk=",
            "dev": true
        },
        "parse-json": {
            "version": "2.2.0",
            "resolved": "https://registry.npmjs.org/parse-json/-/parse-json-2.2.0.tgz",
            "integrity": "sha1-9ID0BDTvgHQfhGkJn43qGPVaTck=",
            "dev": true
        },
        "pify": {
            "version": "2.3.0",
            "resolved": "https://registry.npmjs.org/pify/-/pify-2.3.0.tgz",
            "integrity": "sha1-7RQaasBDqEnqWISY59yosVMw6Qw=",
            "dev": true
        },
        "pinkie-promise": {
            "version": "2.0.1",
            "resolved": "https://registry.npmjs.org/pinkie-promise/-/pinkie-promise-2.0.1.tgz",
            "integrity": "sha1-ITXW36ejWMBprJsXh3YogihFD/o=",
            "dev": true
        },
        "req-cwd": {
            "version": "1.0.1",
            "resolved": "https://registry.npmjs.org/req-cwd/-/req-cwd-1.0.1.tgz",
            "integrity": "sha1-DXOurpJm5penj3l2AZZ352rPD/8=",
            "dev": true
        },
        "require-directory": {
            "version": "2.1.1",
            "resolved": "https://registry.npmjs.org/require-directory/-/require-directory-2.1.1.tgz",
            "integrity": "sha1-jGStX9MNqxyXbiNE/+f3kqam30I=",
            "dev": true
        },
        "require-from-string": {
            "version": "1.2.1",
            "resolved": "https://registry.npmjs.org/require-from-string/-/require-from-string-1.2.1.tgz",
            "integrity": "sha1-UpyczvJzgK3+yaL5ZbZJu+5jZBg=",
            "dev": true
        },
        "require-main-filename": {
            "version": "1.0.1",
            "resolved": "https://registry.npmjs.org/require-main-filename/-/require-main-filename-1.0.1.tgz",
            "integrity": "sha1-l/cXtp1IeE9fUmpsWqj/3aBVpNE=",
            "dev": true
        },
        "semver": {
            "version": "5.5.1",
            "resolved": "https://registry.npmjs.org/semver/-/semver-5.5.1.tgz",
            "integrity": "sha512-PqpAxfrEhlSUWge8dwIp4tZnQ25DIOthpiaHNIthsjEFQD6EvqUKUDM7L8O2rShkFccYo1VjJR0coWfNkCubRw==",
            "dev": true
        },
        "set-blocking": {
            "version": "2.0.0",
            "resolved": "https://registry.npmjs.org/set-blocking/-/set-blocking-2.0.0.tgz",
            "integrity": "sha1-BF+XgtARrppoA93TgrJDkrPYkPc=",
            "dev": true
        },
        "shelljs": {
            "version": "0.7.8",
            "resolved": "https://registry.npmjs.org/shelljs/-/shelljs-0.7.8.tgz",
            "integrity": "sha1-3svPh0sNHl+3LhSxZKloMEjprLM=",
            "dev": true
        },
        "sol-explore": {
            "version": "1.6.2",
            "resolved": "https://registry.npmjs.org/sol-explore/-/sol-explore-1.6.2.tgz",
            "integrity": "sha1-Q66MQZ/TrAVqBfip0fsQIs1B7MI=",
            "dev": true
        },
        "solc": {
            "version": "0.4.25",
            "resolved": "https://registry.npmjs.org/solc/-/solc-0.4.25.tgz",
            "integrity": "sha512-jU1YygRVy6zatgXrLY2rRm7HW1d7a8CkkEgNJwvH2VLpWhMFsMdWcJn6kUqZwcSz/Vm+w89dy7Z/aB5p6AFTrg==",
            "dev": true,
            "requires": {
                "fs-extra": "^0.30.0",
                "memorystream": "^0.3.1",
                "require-from-string": "^1.1.0",
                "semver": "^5.3.0",
                "yargs": "^4.7.1"
            },
            "dependencies": {
                "is-fullwidth-code-point": {
                    "version": "1.0.0",
                    "resolved": "https://registry.npmjs.org/is-fullwidth-code-point/-/is-fullwidth-code-point-1.0.0.tgz",
                    "integrity": "sha1-754xOG8DGn8NZDr4L95QxFfvAMs=",
                    "dev": true,
                    "requires": {
                        "number-is-nan": "^1.0.0"
                    }
                },
                "load-json-file": {
                    "version": "1.1.0",
                    "resolved": "https://registry.npmjs.org/load-json-file/-/load-json-file-1.1.0.tgz",
                    "integrity": "sha1-lWkFcI1YtLq0wiYbBPWfMcmTdMA=",
                    "dev": true,
                    "requires": {
                        "graceful-fs": "^4.1.2",
                        "parse-json": "^2.2.0",
                        "pify": "^2.0.0",
                        "pinkie-promise": "^2.0.0",
                        "strip-bom": "^2.0.0"
                    }
                },
                "path-type": {
                    "version": "1.1.0",
                    "resolved": "https://registry.npmjs.org/path-type/-/path-type-1.1.0.tgz",
                    "integrity": "sha1-WcRPfuSR2nBNpBXaWkBwuk+P5EE=",
                    "dev": true,
                    "requires": {
                        "graceful-fs": "^4.1.2",
                        "pify": "^2.0.0",
                        "pinkie-promise": "^2.0.0"
                    }
                },
                "read-pkg": {
                    "version": "1.1.0",
                    "resolved": "https://registry.npmjs.org/read-pkg/-/read-pkg-1.1.0.tgz",
                    "integrity": "sha1-9f+qXs0pyzHAR0vKfXVra7KePyg=",
                    "dev": true,
                    "requires": {
                        "load-json-file": "^1.0.0",
                        "normalize-package-data": "^2.3.2",
                        "path-type": "^1.0.0"
                    }
                },
                "read-pkg-up": {
                    "version": "1.0.1",
                    "resolved": "https://registry.npmjs.org/read-pkg-up/-/read-pkg-up-1.0.1.tgz",
                    "integrity": "sha1-nWPBMnbAZZGNV/ACpX9AobZD+wI=",
                    "dev": true,
                    "requires": {
                        "find-up": "^1.0.0",
                        "read-pkg": "^1.0.0"
                    }
                },
                "string-width": {
                    "version": "1.0.2",
                    "resolved": "https://registry.npmjs.org/string-width/-/string-width-1.0.2.tgz",
                    "integrity": "sha1-EYvfW4zcUaKn5w0hHgfisLmxB9M=",
                    "dev": true,
                    "requires": {
                        "code-point-at": "^1.0.0",
                        "is-fullwidth-code-point": "^1.0.0",
                        "strip-ansi": "^3.0.0"
                    }
                },
                "strip-ansi": {
                    "version": "3.0.1",
                    "resolved": "https://registry.npmjs.org/strip-ansi/-/strip-ansi-3.0.1.tgz",
                    "integrity": "sha1-ajhfuIU9lS1f8F0Oiq+UJ43GPc8=",
                    "dev": true,
                    "requires": {
                        "ansi-regex": "^2.0.0"
                    }
                },
                "strip-bom": {
                    "version": "2.0.0",
                    "resolved": "https://registry.npmjs.org/strip-bom/-/strip-bom-2.0.0.tgz",
                    "integrity": "sha1-YhmoVhZSBJHzV4i9vxRHqZx+aw4=",
                    "dev": true,
                    "requires": {
                        "is-utf8": "^0.2.0"
                    }
                },
                "window-size": {
                    "version": "0.2.0",
                    "resolved": "https://registry.npmjs.org/window-size/-/window-size-0.2.0.tgz",
                    "integrity": "sha1-tDFbtCFKPXBY6+7okuE/ok2YsHU=",
                    "dev": true
                },
                "yargs": {
                    "version": "4.8.1",
                    "resolved": "https://registry.npmjs.org/yargs/-/yargs-4.8.1.tgz",
                    "integrity": "sha1-wMQpJMpKqmsObaFznfshZDn53cA=",
                    "dev": true,
                    "requires": {
                        "cliui": "^3.2.0",
                        "decamelize": "^1.1.1",
                        "get-caller-file": "^1.0.1",
                        "lodash.assign": "^4.0.3",
                        "os-locale": "^1.4.0",
                        "read-pkg-up": "^1.0.1",
                        "require-directory": "^2.1.1",
                        "require-main-filename": "^1.0.1",
                        "set-blocking": "^2.0.0",
                        "string-width": "^1.0.1",
                        "which-module": "^1.0.0",
                        "window-size": "^0.2.0",
                        "y18n": "^3.2.1",
                        "yargs-parser": "^2.4.1"
                    }
                }
            }
        },
        "solidity-coverage": {
            "version": "0.5.11",
            "resolved": "https://registry.npmjs.org/solidity-coverage/-/solidity-coverage-0.5.11.tgz",
            "integrity": "sha512-qikdsSi6+9XbfvwA0aI7HUVpF9fIFNqRWTw23M89GMDY+b6Gj0wWU9IngJS0fimoZIAdEp3bfChxvpfVcrUesg==",
            "dev": true,
            "requires": {
                "death": "^1.1.0",
                "ethereumjs-testrpc-sc": "6.1.6",
                "istanbul": "^0.4.5",
                "keccakjs": "^0.2.1",
                "req-cwd": "^1.0.1",
                "shelljs": "^0.7.4",
                "sol-explore": "^1.6.2",
                "solidity-parser-sc": "0.4.11",
                "tree-kill": "^1.2.0",
                "web3": "^0.18.4"
            },
            "dependencies": {
                "bignumber.js": {
                    "version": "git+https://github.com/debris/bignumber.js.git#94d7146671b9719e00a09c29b01a691bc85048c2",
                    "from": "git+https://github.com/debris/bignumber.js.git#94d7146671b9719e00a09c29b01a691bc85048c2",
                    "dev": true
                },
                "crypto-js": {
                    "version": "3.3.0",
                    "resolved": "https://registry.npmjs.org/crypto-js/-/crypto-js-3.3.0.tgz",
                    "integrity": "sha512-DIT51nX0dCfKltpRiXV+/TVZq+Qq2NgF4644+K7Ttnla7zEzqc+kjJyiB96BHNyUTBxyjzRcZYpUdZa+QAqi6Q==",
                    "dev": true
                },
                "web3": {
                    "version": "0.18.4",
                    "resolved": "https://registry.npmjs.org/web3/-/web3-0.18.4.tgz",
                    "integrity": "sha1-gewXhBRUkfLqqJVbMcBgSeB8Xn0=",
                    "dev": true,
                    "requires": {
                        "bignumber.js": "git+https://github.com/debris/bignumber.js.git#94d7146671b9719e00a09c29b01a691bc85048c2",
                        "crypto-js": "^3.1.4",
                        "utf8": "^2.1.1",
                        "xhr2": "*",
                        "xmlhttprequest": "*"
                    }
                }
            }
        },
        "solidity-parser-sc": {
            "version": "0.4.11",
            "resolved": "https://registry.npmjs.org/solidity-parser-sc/-/solidity-parser-sc-0.4.11.tgz",
            "integrity": "sha512-1kV5iC7m3CtMDfmHaVNwz2saSGQVIuF16rIxU417Al38MVCWHMQQ5vT6cmLsNwDe60S74auobWij9vNawSeOyw==",
            "dev": true,
            "dependencies": {
                "is-fullwidth-code-point": {
                    "version": "1.0.0",
                    "resolved": "https://registry.npmjs.org/is-fullwidth-code-point/-/is-fullwidth-code-point-1.0.0.tgz",
                    "integrity": "sha1-754xOG8DGn8NZDr4L95QxFfvAMs="
                },
                "load-json-file": {
                    "version": "1.1.0",
                    "resolved": "https://registry.npmjs.org/load-json-file/-/load-json-file-1.1.0.tgz",
                    "integrity": "sha1-lWkFcI1YtLq0wiYbBPWfMcmTdMA="
                },
                "path-type": {
                    "version": "1.1.0",
                    "resolved": "https://registry.npmjs.org/path-type/-/path-type-1.1.0.tgz",
                    "integrity": "sha1-WcRPfuSR2nBNpBXaWkBwuk+P5EE="
                },
                "read-pkg": {
                    "version": "1.1.0",
                    "resolved": "https://registry.npmjs.org/read-pkg/-/read-pkg-1.1.0.tgz",
                    "integrity": "sha1-9f+qXs0pyzHAR0vKfXVra7KePyg="
                },
                "read-pkg-up": {
                    "version": "1.0.1",
                    "resolved": "https://registry.npmjs.org/read-pkg-up/-/read-pkg-up-1.0.1.tgz",
                    "integrity": "sha1-nWPBMnbAZZGNV/ACpX9AobZD+wI="
                },
                "string-width": {
                    "version": "1.0.2",
                    "resolved": "https://registry.npmjs.org/string-width/-/string-width-1.0.2.tgz",
                    "integrity": "sha1-EYvfW4zcUaKn5w0hHgfisLmxB9M="
                },
                "strip-ansi": {
                    "version": "3.0.1",
                    "resolved": "https://registry.npmjs.org/strip-ansi/-/strip-ansi-3.0.1.tgz",
                    "integrity": "sha1-ajhfuIU9lS1f8F0Oiq+UJ43GPc8="
                },
                "strip-bom": {
                    "version": "2.0.0",
                    "resolved": "https://registry.npmjs.org/strip-bom/-/strip-bom-2.0.0.tgz",
                    "integrity": "sha1-YhmoVhZSBJHzV4i9vxRHqZx+aw4="
                },
                "window-size": {
                    "version": "0.2.0",
                    "resolved": "https://registry.npmjs.org/window-size/-/window-size-0.2.0.tgz",
                    "integrity": "sha1-tDFbtCFKPXBY6+7okuE/ok2YsHU="
                },
                "yargs": {
                    "version": "4.8.1",
                    "resolved": "https://registry.npmjs.org/yargs/-/yargs-4.8.1.tgz",
                    "integrity": "sha1-wMQpJMpKqmsObaFznfshZDn53cA="
                }
            }
        },
        "solium": {
            "version": "1.1.8",
            "resolved": "https://registry.npmjs.org/solium/-/solium-1.1.8.tgz",
            "integrity": "sha512-fn0lusM6of14CytIDDHK73SGjn6NsVTaCVJjaKCKJyqKhT00rH/hDtvnIeZ2ZTD9z/xaXd4Js2brW3az6AV9RA==",
            "dev": true,
            "dependencies": {
                "camelcase": {
                    "version": "4.1.0",
                    "resolved": "https://registry.npmjs.org/camelcase/-/camelcase-4.1.0.tgz",
                    "integrity": "sha1-1UVjW+HjPFQmScaRc+Xeas+uNN0="
                },
                "cliui": {
                    "version": "4.1.0",
                    "resolved": "https://registry.npmjs.org/cliui/-/cliui-4.1.0.tgz",
                    "integrity": "sha512-4FG+RSG9DL7uEwRUZXZn3SS34DiDPfzP0VOiEwtUWlE+AR2EIg+hSyvrIgUUfhdgR/UkAeW2QHgeP+hWrXs7jQ=="
                },
                "find-up": {
                    "version": "2.1.0",
                    "resolved": "https://registry.npmjs.org/find-up/-/find-up-2.1.0.tgz",
                    "integrity": "sha1-RdG35QbHF93UgndaK3eSCjwMV6c="
                },
                "os-locale": {
                    "version": "2.1.0",
                    "resolved": "https://registry.npmjs.org/os-locale/-/os-locale-2.1.0.tgz",
                    "integrity": "sha512-3sslG3zJbEYcaC4YVAvDorjGxc7tv6KVATnLPZONiljsUncvihe9BQoVCEs0RZ1kmf4Hk9OBqlZfJZWI4GanKA=="
                },
                "sol-explore": {
                    "version": "1.6.1",
                    "resolved": "https://registry.npmjs.org/sol-explore/-/sol-explore-1.6.1.tgz",
                    "integrity": "sha1-tZ8HPGn+MyVg1aEMMrqMp/KYbPs="
                },
                "solparse": {
                    "version": "2.2.5",
                    "resolved": "https://registry.npmjs.org/solparse/-/solparse-2.2.5.tgz",
                    "integrity": "sha512-t7tvtR6KU6QfPYLMv1nlCh9DA8HYIu5tbjHpKu0fhGFZ1NuSp0KKDHfFHv07g6v1xgcuUY3rVqNFjZt5b9+5qA=="
                },
                "which-module": {
                    "version": "2.0.0",
                    "resolved": "https://registry.npmjs.org/which-module/-/which-module-2.0.0.tgz",
                    "integrity": "sha1-2e8H3Od7mQK4o6j6SzHD4/fm6Ho="
                },
                "yargs": {
                    "version": "10.1.2",
                    "resolved": "https://registry.npmjs.org/yargs/-/yargs-10.1.2.tgz",
                    "integrity": "sha512-ivSoxqBGYOqQVruxD35+EyCFDYNEFL/Uo6FcOnz+9xZdZzK0Zzw4r4KhbrME1Oo2gOggwJod2MnsdamSG7H9ig=="
                },
                "yargs-parser": {
                    "version": "8.1.0",
                    "resolved": "https://registry.npmjs.org/yargs-parser/-/yargs-parser-8.1.0.tgz",
                    "integrity": "sha512-yP+6QqN8BmrgW2ggLtTbdrOyBNSI7zBa4IykmiV5R1wl1JWNxQvWhMfMdmzIYtKU7oP3OOInY/tl2ov3BDjnJQ=="
                }
            }
        },
        "tree-kill": {
            "version": "1.2.0",
            "resolved": "https://registry.npmjs.org/tree-kill/-/tree-kill-1.2.0.tgz",
            "integrity": "sha512-DlX6dR0lOIRDFxI0mjL9IYg6OTncLm/Zt+JiBhE5OlFcAR8yc9S7FFXU9so0oda47frdM/JFsk7UjNt9vscKcg==",
            "dev": true
        },
        "truffle": {
            "version": "4.1.14",
            "resolved": "https://registry.npmjs.org/truffle/-/truffle-4.1.14.tgz",
            "integrity": "sha512-e7tTLvKP3bN9dE7MagfWyFjy4ZgoEGbeujECy1me1ENBzbj/aO/+45gs72qsL3+3IkCNNcWNOJjjrm8BYZZNNg==",
            "dev": true
        },
        "truffle-hdwallet-provider": {
            "version": "0.0.6",
            "resolved": "https://registry.npmjs.org/truffle-hdwallet-provider/-/truffle-hdwallet-provider-0.0.6.tgz",
            "integrity": "sha512-vh1nCk9+COz9Z1BnDYjrZEc8Z4KCWeoThAX6U13SpHMuSL7gX40ZDWszlVmovPLEwHSJBh/OaFmaduKfeXT9rA==",
            "dependencies": {
                "bignumber.js": {
                    "version": "git+https://github.com/debris/bignumber.js.git#94d7146671b9719e00a09c29b01a691bc85048c2",
                    "from": "bignumber.js@git+https://github.com/debris/bignumber.js.git#94d7146671b9719e00a09c29b01a691bc85048c2"
                },
                "crypto-js": {
                    "version": "3.1.8",
                    "resolved": "https://registry.npmjs.org/crypto-js/-/crypto-js-3.1.8.tgz",
                    "integrity": "sha1-cV8HC/YBTyrpkqmLOSkli3E/CNU="
                },
                "web3": {
                    "version": "0.18.4",
                    "resolved": "https://registry.npmjs.org/web3/-/web3-0.18.4.tgz",
                    "integrity": "sha1-gewXhBRUkfLqqJVbMcBgSeB8Xn0="
                }
            }
        },
        "utf8": {
            "version": "2.1.2",
            "resolved": "https://registry.npmjs.org/utf8/-/utf8-2.1.2.tgz",
            "integrity": "sha1-H6DZJw6b6FDZsFAn9jUZv0ZFfZY=",
            "dev": true
        },
        "web3": {
            "version": "1.0.0-beta.35",
            "resolved": "https://registry.npmjs.org/web3/-/web3-1.0.0-beta.35.tgz",
            "integrity": "sha512-xwDmUhvTcHQvvNnOPcPZZgCxKUsI2e+GbHy7JkTK3/Rmnutazy8x7fsAXT9myw7V1qpi3GgLoZ3fkglSUbg1Mg=="
        },
        "websocket": {
            "version": "1.0.26",
            "resolved": "https://registry.npmjs.org/websocket/-/websocket-1.0.26.tgz",
            "integrity": "sha512-fjcrYDPIQxpTnqFQ9JjxUQcdvR89MFAOjPBlF+vjOt49w/XW4fJknUoMz/mDIn2eK1AdslVojcaOxOqyZZV8rw==",
            "dev": true,
            "dependencies": {
                "debug": {
                    "version": "2.6.9",
                    "resolved": "https://registry.npmjs.org/debug/-/debug-2.6.9.tgz",
                    "integrity": "sha512-bC7ElrdJaJnPbAP+1EotYvqZsb3ecl5wi6Bfi6BJTUcNowp6cvspg0jXznRTKDjm/E7AdgFBVeAPVMNcKGsHMA=="
                }
            }
        },
        "which-module": {
            "version": "1.0.0",
            "resolved": "https://registry.npmjs.org/which-module/-/which-module-1.0.0.tgz",
            "integrity": "sha1-u6Y8qGGUiZT/MHc2CJ47lgJsKk8=",
            "dev": true
        },
        "xhr2": {
            "version": "0.1.4",
            "resolved": "https://registry.npmjs.org/xhr2/-/xhr2-0.1.4.tgz",
            "integrity": "sha1-f4dliEdxbbUCYyOBL4GMras4el8=",
            "dev": true
        },
        "xmlhttprequest": {
            "version": "1.8.0",
            "resolved": "https://registry.npmjs.org/xmlhttprequest/-/xmlhttprequest-1.8.0.tgz",
            "integrity": "sha1-Z/4HXFwk/vOfnWX197f+dRcZaPw=",
            "dev": true
        },
        "y18n": {
            "version": "3.2.1",
            "resolved": "https://registry.npmjs.org/y18n/-/y18n-3.2.1.tgz",
            "integrity": "sha1-bRX7qITAhnnA136I53WegR4H+kE=",
            "dev": true
        },
        "yargs-parser": {
            "version": "2.4.1",
            "resolved": "https://registry.npmjs.org/yargs-parser/-/yargs-parser-2.4.1.tgz",
            "integrity": "sha1-hVaN488VD/SfpRgl8DqMiA3cxcQ=",
            "dev": true,
            "dependencies": {
                "camelcase": {
                    "version": "3.0.0",
                    "resolved": "https://registry.npmjs.org/camelcase/-/camelcase-3.0.0.tgz",
                    "integrity": "sha1-MvxLn82vhF/N9+c7uXysImHwqwo="
                }
            }
        }
    }
}
